// !$*UTF8*$!
{
	archiveVersion = 1;
	classes = {
	};
	objectVersion = 48;
	objects = {

/* Begin PBXBuildFile section */
		043772AC21E4D7EB0030E838 /* YSActionHeadV.m in Sources */ = {isa = PBXBuildFile; fileRef = 043772A921E4D7EB0030E838 /* YSActionHeadV.m */; };
		043772AD21E4D7EB0030E838 /* YSActionSheetV.m in Sources */ = {isa = PBXBuildFile; fileRef = 043772AB21E4D7EB0030E838 /* YSActionSheetV.m */; };
		C4129CAF21E46DFF00DAFC48 /* YSTableV.m in Sources */ = {isa = PBXBuildFile; fileRef = C4129CAE21E46DFF00DAFC48 /* YSTableV.m */; };
		C4129CB221E46F8700DAFC48 /* YSTableM.m in Sources */ = {isa = PBXBuildFile; fileRef = C4129CB121E46F8700DAFC48 /* YSTableM.m */; };
		C4129CB821E4746700DAFC48 /* YSCellM.m in Sources */ = {isa = PBXBuildFile; fileRef = C4129CB721E4746700DAFC48 /* YSCellM.m */; };
		C4129CBB21E4755400DAFC48 /* YSTableL.m in Sources */ = {isa = PBXBuildFile; fileRef = C4129CBA21E4755400DAFC48 /* YSTableL.m */; };
		C44EC5E51FCBF2AC00839DF4 /* AppDelegate.m in Sources */ = {isa = PBXBuildFile; fileRef = C44EC5E41FCBF2AC00839DF4 /* AppDelegate.m */; };
		C44EC5E81FCBF2AC00839DF4 /* YSSafeAryVC.m in Sources */ = {isa = PBXBuildFile; fileRef = C44EC5E71FCBF2AC00839DF4 /* YSSafeAryVC.m */; };
		C44EC5ED1FCBF2AC00839DF4 /* Assets.xcassets in Resources */ = {isa = PBXBuildFile; fileRef = C44EC5EC1FCBF2AC00839DF4 /* Assets.xcassets */; };
		C44EC5F01FCBF2AC00839DF4 /* LaunchScreen.storyboard in Resources */ = {isa = PBXBuildFile; fileRef = C44EC5EE1FCBF2AC00839DF4 /* LaunchScreen.storyboard */; };
		C44EC5F31FCBF2AC00839DF4 /* main.m in Sources */ = {isa = PBXBuildFile; fileRef = C44EC5F21FCBF2AC00839DF4 /* main.m */; };
		C44EC5FB1FCBF2E100839DF4 /* GesCell.m in Sources */ = {isa = PBXBuildFile; fileRef = C44EC5FA1FCBF2E100839DF4 /* GesCell.m */; };
		C44EC5FE1FCBF86900839DF4 /* YSSpeechVC.m in Sources */ = {isa = PBXBuildFile; fileRef = C44EC5FD1FCBF86900839DF4 /* YSSpeechVC.m */; };
		C463549B1FCD137600FD1602 /* YSTSArray.m in Sources */ = {isa = PBXBuildFile; fileRef = C463549A1FCD137600FD1602 /* YSTSArray.m */; };
		C49A70E020D0BE06004AA43C /* YSKitCase.m in Sources */ = {isa = PBXBuildFile; fileRef = C49A70CC20D0BE06004AA43C /* YSKitCase.m */; };
		C49A70E120D0BE06004AA43C /* YSFoundationCase.m in Sources */ = {isa = PBXBuildFile; fileRef = C49A70CF20D0BE06004AA43C /* YSFoundationCase.m */; };
		C49A70E220D0BE06004AA43C /* UIButton+Setting.m in Sources */ = {isa = PBXBuildFile; fileRef = C49A70D320D0BE06004AA43C /* UIButton+Setting.m */; };
		C49A70E320D0BE06004AA43C /* UIViewController+Setting.m in Sources */ = {isa = PBXBuildFile; fileRef = C49A70D420D0BE06004AA43C /* UIViewController+Setting.m */; };
		C49A70E420D0BE06004AA43C /* YSLeftVC.m in Sources */ = {isa = PBXBuildFile; fileRef = C49A70D720D0BE06004AA43C /* YSLeftVC.m */; };
		C49A70E520D0BE06004AA43C /* YSControlVC.m in Sources */ = {isa = PBXBuildFile; fileRef = C49A70D820D0BE06004AA43C /* YSControlVC.m */; };
		C49A70E620D0BE06004AA43C /* YSCenterVC.m in Sources */ = {isa = PBXBuildFile; fileRef = C49A70DB20D0BE06004AA43C /* YSCenterVC.m */; };
		C49A70E720D0BE06004AA43C /* YSCenterDetailVC.m in Sources */ = {isa = PBXBuildFile; fileRef = C49A70DD20D0BE06004AA43C /* YSCenterDetailVC.m */; };
		C49A70E820D0BE06004AA43C /* YSLeftDetailVC.m in Sources */ = {isa = PBXBuildFile; fileRef = C49A70DF20D0BE06004AA43C /* YSLeftDetailVC.m */; };
		C49A70EB20D0BE0E004AA43C /* YSSettingMgr.m in Sources */ = {isa = PBXBuildFile; fileRef = C49A70EA20D0BE0E004AA43C /* YSSettingMgr.m */; };
		C4A0D6DD21E717FE00A21143 /* UILabel+Setting.m in Sources */ = {isa = PBXBuildFile; fileRef = C4A0D6DC21E717FE00A21143 /* UILabel+Setting.m */; };
		C4A0D6E021E71F2100A21143 /* UITableView+Setting.m in Sources */ = {isa = PBXBuildFile; fileRef = C4A0D6DF21E71F2100A21143 /* UITableView+Setting.m */; };
		C4BB925F21E4A958000BA387 /* YSToastV.m in Sources */ = {isa = PBXBuildFile; fileRef = C4BB925E21E4A958000BA387 /* YSToastV.m */; };
		C4BB926221E4A9B6000BA387 /* YSUtils.m in Sources */ = {isa = PBXBuildFile; fileRef = C4BB926121E4A9B6000BA387 /* YSUtils.m */; };
		E24B403B1E0B77E538B966EE /* libPods-YSKit.a in Frameworks */ = {isa = PBXBuildFile; fileRef = 04E6CBB3324961969B9D71A7 /* libPods-YSKit.a */; };
/* End PBXBuildFile section */

/* Begin PBXFileReference section */
		01CA8E74DA1E6CFD9C74CAA7 /* Pods-YSKit.debug.xcconfig */ = {isa = PBXFileReference; includeInIndex = 1; lastKnownFileType = text.xcconfig; name = "Pods-YSKit.debug.xcconfig"; path = "Pods/Target Support Files/Pods-YSKit/Pods-YSKit.debug.xcconfig"; sourceTree = "<group>"; };
		043772A821E4D7EB0030E838 /* YSActionSheetV.h */ = {isa = PBXFileReference; fileEncoding = 4; lastKnownFileType = sourcecode.c.h; path = YSActionSheetV.h; sourceTree = "<group>"; };
		043772A921E4D7EB0030E838 /* YSActionHeadV.m */ = {isa = PBXFileReference; fileEncoding = 4; lastKnownFileType = sourcecode.c.objc; path = YSActionHeadV.m; sourceTree = "<group>"; };
		043772AA21E4D7EB0030E838 /* YSActionHeadV.h */ = {isa = PBXFileReference; fileEncoding = 4; lastKnownFileType = sourcecode.c.h; path = YSActionHeadV.h; sourceTree = "<group>"; };
		043772AB21E4D7EB0030E838 /* YSActionSheetV.m */ = {isa = PBXFileReference; fileEncoding = 4; lastKnownFileType = sourcecode.c.objc; path = YSActionSheetV.m; sourceTree = "<group>"; };
		04E6CBB3324961969B9D71A7 /* libPods-YSKit.a */ = {isa = PBXFileReference; explicitFileType = archive.ar; includeInIndex = 0; path = "libPods-YSKit.a"; sourceTree = BUILT_PRODUCTS_DIR; };
		C4129CAD21E46DFF00DAFC48 /* YSTableV.h */ = {isa = PBXFileReference; lastKnownFileType = sourcecode.c.h; path = YSTableV.h; sourceTree = "<group>"; };
		C4129CAE21E46DFF00DAFC48 /* YSTableV.m */ = {isa = PBXFileReference; lastKnownFileType = sourcecode.c.objc; path = YSTableV.m; sourceTree = "<group>"; };
		C4129CB021E46F8700DAFC48 /* YSTableM.h */ = {isa = PBXFileReference; lastKnownFileType = sourcecode.c.h; path = YSTableM.h; sourceTree = "<group>"; };
		C4129CB121E46F8700DAFC48 /* YSTableM.m */ = {isa = PBXFileReference; lastKnownFileType = sourcecode.c.objc; path = YSTableM.m; sourceTree = "<group>"; };
		C4129CB621E4746700DAFC48 /* YSCellM.h */ = {isa = PBXFileReference; lastKnownFileType = sourcecode.c.h; path = YSCellM.h; sourceTree = "<group>"; };
		C4129CB721E4746700DAFC48 /* YSCellM.m */ = {isa = PBXFileReference; lastKnownFileType = sourcecode.c.objc; path = YSCellM.m; sourceTree = "<group>"; };
		C4129CB921E4755400DAFC48 /* YSTableL.h */ = {isa = PBXFileReference; lastKnownFileType = sourcecode.c.h; path = YSTableL.h; sourceTree = "<group>"; };
		C4129CBA21E4755400DAFC48 /* YSTableL.m */ = {isa = PBXFileReference; lastKnownFileType = sourcecode.c.objc; path = YSTableL.m; sourceTree = "<group>"; };
		C44EC5E01FCBF2AC00839DF4 /* 大杂烩.app */ = {isa = PBXFileReference; explicitFileType = wrapper.application; includeInIndex = 0; path = "大杂烩.app"; sourceTree = BUILT_PRODUCTS_DIR; };
		C44EC5E31FCBF2AC00839DF4 /* AppDelegate.h */ = {isa = PBXFileReference; lastKnownFileType = sourcecode.c.h; path = AppDelegate.h; sourceTree = "<group>"; };
		C44EC5E41FCBF2AC00839DF4 /* AppDelegate.m */ = {isa = PBXFileReference; lastKnownFileType = sourcecode.c.objc; path = AppDelegate.m; sourceTree = "<group>"; };
		C44EC5E61FCBF2AC00839DF4 /* YSSafeAryVC.h */ = {isa = PBXFileReference; lastKnownFileType = sourcecode.c.h; path = YSSafeAryVC.h; sourceTree = "<group>"; };
		C44EC5E71FCBF2AC00839DF4 /* YSSafeAryVC.m */ = {isa = PBXFileReference; lastKnownFileType = sourcecode.c.objc; path = YSSafeAryVC.m; sourceTree = "<group>"; };
		C44EC5EC1FCBF2AC00839DF4 /* Assets.xcassets */ = {isa = PBXFileReference; lastKnownFileType = folder.assetcatalog; path = Assets.xcassets; sourceTree = "<group>"; };
		C44EC5EF1FCBF2AC00839DF4 /* Base */ = {isa = PBXFileReference; lastKnownFileType = file.storyboard; name = Base; path = Base.lproj/LaunchScreen.storyboard; sourceTree = "<group>"; };
		C44EC5F11FCBF2AC00839DF4 /* Info.plist */ = {isa = PBXFileReference; lastKnownFileType = text.plist.xml; path = Info.plist; sourceTree = "<group>"; };
		C44EC5F21FCBF2AC00839DF4 /* main.m */ = {isa = PBXFileReference; lastKnownFileType = sourcecode.c.objc; path = main.m; sourceTree = "<group>"; };
		C44EC5F91FCBF2E100839DF4 /* GesCell.h */ = {isa = PBXFileReference; lastKnownFileType = sourcecode.c.h; path = GesCell.h; sourceTree = "<group>"; };
		C44EC5FA1FCBF2E100839DF4 /* GesCell.m */ = {isa = PBXFileReference; lastKnownFileType = sourcecode.c.objc; path = GesCell.m; sourceTree = "<group>"; };
		C44EC5FC1FCBF86900839DF4 /* YSSpeechVC.h */ = {isa = PBXFileReference; lastKnownFileType = sourcecode.c.h; path = YSSpeechVC.h; sourceTree = "<group>"; };
		C44EC5FD1FCBF86900839DF4 /* YSSpeechVC.m */ = {isa = PBXFileReference; lastKnownFileType = sourcecode.c.objc; path = YSSpeechVC.m; sourceTree = "<group>"; };
		C44EC6001FCBF8B800839DF4 /* Speech.framework */ = {isa = PBXFileReference; lastKnownFileType = wrapper.framework; name = Speech.framework; path = System/Library/Frameworks/Speech.framework; sourceTree = SDKROOT; };
		C46354991FCD137600FD1602 /* YSTSArray.h */ = {isa = PBXFileReference; lastKnownFileType = sourcecode.c.h; path = YSTSArray.h; sourceTree = "<group>"; };
		C463549A1FCD137600FD1602 /* YSTSArray.m */ = {isa = PBXFileReference; lastKnownFileType = sourcecode.c.objc; path = YSTSArray.m; sourceTree = "<group>"; };
		C49A70CC20D0BE06004AA43C /* YSKitCase.m */ = {isa = PBXFileReference; fileEncoding = 4; lastKnownFileType = sourcecode.c.objc; path = YSKitCase.m; sourceTree = "<group>"; };
		C49A70CD20D0BE06004AA43C /* YSFoundationCase.h */ = {isa = PBXFileReference; fileEncoding = 4; lastKnownFileType = sourcecode.c.h; path = YSFoundationCase.h; sourceTree = "<group>"; };
		C49A70CE20D0BE06004AA43C /* YSKitCase.h */ = {isa = PBXFileReference; fileEncoding = 4; lastKnownFileType = sourcecode.c.h; path = YSKitCase.h; sourceTree = "<group>"; };
		C49A70CF20D0BE06004AA43C /* YSFoundationCase.m */ = {isa = PBXFileReference; fileEncoding = 4; lastKnownFileType = sourcecode.c.objc; path = YSFoundationCase.m; sourceTree = "<group>"; };
		C49A70D120D0BE06004AA43C /* UIButton+Setting.h */ = {isa = PBXFileReference; fileEncoding = 4; lastKnownFileType = sourcecode.c.h; path = "UIButton+Setting.h"; sourceTree = "<group>"; };
		C49A70D220D0BE06004AA43C /* UIViewController+Setting.h */ = {isa = PBXFileReference; fileEncoding = 4; lastKnownFileType = sourcecode.c.h; path = "UIViewController+Setting.h"; sourceTree = "<group>"; };
		C49A70D320D0BE06004AA43C /* UIButton+Setting.m */ = {isa = PBXFileReference; fileEncoding = 4; lastKnownFileType = sourcecode.c.objc; path = "UIButton+Setting.m"; sourceTree = "<group>"; };
		C49A70D420D0BE06004AA43C /* UIViewController+Setting.m */ = {isa = PBXFileReference; fileEncoding = 4; lastKnownFileType = sourcecode.c.objc; path = "UIViewController+Setting.m"; sourceTree = "<group>"; };
		C49A70D620D0BE06004AA43C /* YSCenterVC.h */ = {isa = PBXFileReference; fileEncoding = 4; lastKnownFileType = sourcecode.c.h; path = YSCenterVC.h; sourceTree = "<group>"; };
		C49A70D720D0BE06004AA43C /* YSLeftVC.m */ = {isa = PBXFileReference; fileEncoding = 4; lastKnownFileType = sourcecode.c.objc; path = YSLeftVC.m; sourceTree = "<group>"; };
		C49A70D820D0BE06004AA43C /* YSControlVC.m */ = {isa = PBXFileReference; fileEncoding = 4; lastKnownFileType = sourcecode.c.objc; path = YSControlVC.m; sourceTree = "<group>"; };
		C49A70D920D0BE06004AA43C /* YSCenterDetailVC.h */ = {isa = PBXFileReference; fileEncoding = 4; lastKnownFileType = sourcecode.c.h; path = YSCenterDetailVC.h; sourceTree = "<group>"; };
		C49A70DA20D0BE06004AA43C /* YSLeftDetailVC.h */ = {isa = PBXFileReference; fileEncoding = 4; lastKnownFileType = sourcecode.c.h; path = YSLeftDetailVC.h; sourceTree = "<group>"; };
		C49A70DB20D0BE06004AA43C /* YSCenterVC.m */ = {isa = PBXFileReference; fileEncoding = 4; lastKnownFileType = sourcecode.c.objc; path = YSCenterVC.m; sourceTree = "<group>"; };
		C49A70DC20D0BE06004AA43C /* YSControlVC.h */ = {isa = PBXFileReference; fileEncoding = 4; lastKnownFileType = sourcecode.c.h; path = YSControlVC.h; sourceTree = "<group>"; };
		C49A70DD20D0BE06004AA43C /* YSCenterDetailVC.m */ = {isa = PBXFileReference; fileEncoding = 4; lastKnownFileType = sourcecode.c.objc; path = YSCenterDetailVC.m; sourceTree = "<group>"; };
		C49A70DE20D0BE06004AA43C /* YSLeftVC.h */ = {isa = PBXFileReference; fileEncoding = 4; lastKnownFileType = sourcecode.c.h; path = YSLeftVC.h; sourceTree = "<group>"; };
		C49A70DF20D0BE06004AA43C /* YSLeftDetailVC.m */ = {isa = PBXFileReference; fileEncoding = 4; lastKnownFileType = sourcecode.c.objc; path = YSLeftDetailVC.m; sourceTree = "<group>"; };
		C49A70E920D0BE0E004AA43C /* YSSettingMgr.h */ = {isa = PBXFileReference; fileEncoding = 4; lastKnownFileType = sourcecode.c.h; path = YSSettingMgr.h; sourceTree = "<group>"; };
		C49A70EA20D0BE0E004AA43C /* YSSettingMgr.m */ = {isa = PBXFileReference; fileEncoding = 4; lastKnownFileType = sourcecode.c.objc; path = YSSettingMgr.m; sourceTree = "<group>"; };
		C4A0D6DB21E717FE00A21143 /* UILabel+Setting.h */ = {isa = PBXFileReference; lastKnownFileType = sourcecode.c.h; path = "UILabel+Setting.h"; sourceTree = "<group>"; };
		C4A0D6DC21E717FE00A21143 /* UILabel+Setting.m */ = {isa = PBXFileReference; lastKnownFileType = sourcecode.c.objc; path = "UILabel+Setting.m"; sourceTree = "<group>"; };
		C4A0D6DE21E71F2100A21143 /* UITableView+Setting.h */ = {isa = PBXFileReference; lastKnownFileType = sourcecode.c.h; path = "UITableView+Setting.h"; sourceTree = "<group>"; };
		C4A0D6DF21E71F2100A21143 /* UITableView+Setting.m */ = {isa = PBXFileReference; lastKnownFileType = sourcecode.c.objc; path = "UITableView+Setting.m"; sourceTree = "<group>"; };
		C4A0D6E421E7291200A21143 /* YSMarco.h */ = {isa = PBXFileReference; lastKnownFileType = sourcecode.c.h; path = YSMarco.h; sourceTree = "<group>"; };
		C4BB925D21E4A958000BA387 /* YSToastV.h */ = {isa = PBXFileReference; fileEncoding = 4; lastKnownFileType = sourcecode.c.h; path = YSToastV.h; sourceTree = "<group>"; };
		C4BB925E21E4A958000BA387 /* YSToastV.m */ = {isa = PBXFileReference; fileEncoding = 4; lastKnownFileType = sourcecode.c.objc; path = YSToastV.m; sourceTree = "<group>"; };
		C4BB926021E4A9B6000BA387 /* YSUtils.h */ = {isa = PBXFileReference; lastKnownFileType = sourcecode.c.h; path = YSUtils.h; sourceTree = "<group>"; };
		C4BB926121E4A9B6000BA387 /* YSUtils.m */ = {isa = PBXFileReference; lastKnownFileType = sourcecode.c.objc; path = YSUtils.m; sourceTree = "<group>"; };
		DD80703350434711BFD36C9A /* Pods-YSKit.release.xcconfig */ = {isa = PBXFileReference; includeInIndex = 1; lastKnownFileType = text.xcconfig; name = "Pods-YSKit.release.xcconfig"; path = "Pods/Target Support Files/Pods-YSKit/Pods-YSKit.release.xcconfig"; sourceTree = "<group>"; };
/* End PBXFileReference section */

/* Begin PBXFrameworksBuildPhase section */
		C44EC5DD1FCBF2AC00839DF4 /* Frameworks */ = {
			isa = PBXFrameworksBuildPhase;
			buildActionMask = 2147483647;
			files = (
				E24B403B1E0B77E538B966EE /* libPods-YSKit.a in Frameworks */,
			);
			runOnlyForDeploymentPostprocessing = 0;
		};
/* End PBXFrameworksBuildPhase section */

/* Begin PBXGroup section */
		043772A721E4D7840030E838 /* ActionSheet */ = {
			isa = PBXGroup;
			children = (
				043772AA21E4D7EB0030E838 /* YSActionHeadV.h */,
				043772A921E4D7EB0030E838 /* YSActionHeadV.m */,
				043772A821E4D7EB0030E838 /* YSActionSheetV.h */,
				043772AB21E4D7EB0030E838 /* YSActionSheetV.m */,
			);
			path = ActionSheet;
			sourceTree = "<group>";
		};
		C4129CA921E46DB600DAFC48 /* UIComponent */ = {
			isa = PBXGroup;
			children = (
				043772A721E4D7840030E838 /* ActionSheet */,
				C4BB925D21E4A958000BA387 /* YSToastV.h */,
				C4BB925E21E4A958000BA387 /* YSToastV.m */,
				C4129CAD21E46DFF00DAFC48 /* YSTableV.h */,
				C4129CAE21E46DFF00DAFC48 /* YSTableV.m */,
				C4129CB021E46F8700DAFC48 /* YSTableM.h */,
				C4129CB121E46F8700DAFC48 /* YSTableM.m */,
				C4129CB621E4746700DAFC48 /* YSCellM.h */,
				C4129CB721E4746700DAFC48 /* YSCellM.m */,
				C4129CB921E4755400DAFC48 /* YSTableL.h */,
				C4129CBA21E4755400DAFC48 /* YSTableL.m */,
			);
			path = UIComponent;
			sourceTree = "<group>";
		};
		C44EC5D71FCBF2AB00839DF4 = {
			isa = PBXGroup;
			children = (
				C44EC5E21FCBF2AC00839DF4 /* YSKit */,
				C44EC5E11FCBF2AC00839DF4 /* Products */,
				C44EC5FF1FCBF8B800839DF4 /* Frameworks */,
				FBF3F13DCED28139ACCCF2F4 /* Pods */,
			);
			sourceTree = "<group>";
		};
		C44EC5E11FCBF2AC00839DF4 /* Products */ = {
			isa = PBXGroup;
			children = (
				C44EC5E01FCBF2AC00839DF4 /* 大杂烩.app */,
			);
			name = Products;
			sourceTree = "<group>";
		};
		C44EC5E21FCBF2AC00839DF4 /* YSKit */ = {
			isa = PBXGroup;
			children = (
				C44EC5E31FCBF2AC00839DF4 /* AppDelegate.h */,
				C44EC5E41FCBF2AC00839DF4 /* AppDelegate.m */,
				C4129CA921E46DB600DAFC48 /* UIComponent */,
				C49A70D520D0BE06004AA43C /* 侧滑 */,
				C4A68D9A20D0E81300334B9B /* 语音 */,
				C4A68D9920D0E80000334B9B /* 线程安全 */,
				C46354951FCD133600FD1602 /* Util */,
				C49A70CB20D0BE06004AA43C /* TestCase */,
				C49A70D020D0BE06004AA43C /* UIKit+Setting */,
				C44EC5EC1FCBF2AC00839DF4 /* Assets.xcassets */,
				C44EC5EE1FCBF2AC00839DF4 /* LaunchScreen.storyboard */,
				C44EC5F11FCBF2AC00839DF4 /* Info.plist */,
				C4A0D6E421E7291200A21143 /* YSMarco.h */,
				C44EC5F21FCBF2AC00839DF4 /* main.m */,
			);
			path = YSKit;
			sourceTree = "<group>";
		};
		C44EC5FF1FCBF8B800839DF4 /* Frameworks */ = {
			isa = PBXGroup;
			children = (
				C44EC6001FCBF8B800839DF4 /* Speech.framework */,
				04E6CBB3324961969B9D71A7 /* libPods-YSKit.a */,
			);
			name = Frameworks;
			sourceTree = "<group>";
		};
		C46354951FCD133600FD1602 /* Util */ = {
			isa = PBXGroup;
			children = (
				C46354991FCD137600FD1602 /* YSTSArray.h */,
				C463549A1FCD137600FD1602 /* YSTSArray.m */,
				C4BB926021E4A9B6000BA387 /* YSUtils.h */,
				C4BB926121E4A9B6000BA387 /* YSUtils.m */,
			);
			path = Util;
			sourceTree = "<group>";
		};
		C49A70CB20D0BE06004AA43C /* TestCase */ = {
			isa = PBXGroup;
			children = (
				C49A70CE20D0BE06004AA43C /* YSKitCase.h */,
				C49A70CC20D0BE06004AA43C /* YSKitCase.m */,
				C49A70CD20D0BE06004AA43C /* YSFoundationCase.h */,
				C49A70CF20D0BE06004AA43C /* YSFoundationCase.m */,
			);
			path = TestCase;
			sourceTree = "<group>";
		};
		C49A70D020D0BE06004AA43C /* UIKit+Setting */ = {
			isa = PBXGroup;
			children = (
				C49A70D120D0BE06004AA43C /* UIButton+Setting.h */,
				C49A70D320D0BE06004AA43C /* UIButton+Setting.m */,
				C49A70D220D0BE06004AA43C /* UIViewController+Setting.h */,
				C49A70D420D0BE06004AA43C /* UIViewController+Setting.m */,
				C4A0D6DB21E717FE00A21143 /* UILabel+Setting.h */,
				C4A0D6DC21E717FE00A21143 /* UILabel+Setting.m */,
				C4A0D6DE21E71F2100A21143 /* UITableView+Setting.h */,
				C4A0D6DF21E71F2100A21143 /* UITableView+Setting.m */,
			);
			path = "UIKit+Setting";
			sourceTree = "<group>";
		};
		C49A70D520D0BE06004AA43C /* 侧滑 */ = {
			isa = PBXGroup;
			children = (
				C49A70E920D0BE0E004AA43C /* YSSettingMgr.h */,
				C49A70EA20D0BE0E004AA43C /* YSSettingMgr.m */,
				C49A70DC20D0BE06004AA43C /* YSControlVC.h */,
				C49A70D820D0BE06004AA43C /* YSControlVC.m */,
				C49A70DE20D0BE06004AA43C /* YSLeftVC.h */,
				C49A70D720D0BE06004AA43C /* YSLeftVC.m */,
				C49A70D620D0BE06004AA43C /* YSCenterVC.h */,
				C49A70DB20D0BE06004AA43C /* YSCenterVC.m */,
				C49A70DA20D0BE06004AA43C /* YSLeftDetailVC.h */,
				C49A70DF20D0BE06004AA43C /* YSLeftDetailVC.m */,
				C49A70D920D0BE06004AA43C /* YSCenterDetailVC.h */,
				C49A70DD20D0BE06004AA43C /* YSCenterDetailVC.m */,
			);
			path = "侧滑";
			sourceTree = "<group>";
		};
		C4A68D9920D0E80000334B9B /* 线程安全 */ = {
			isa = PBXGroup;
			children = (
				C44EC5E61FCBF2AC00839DF4 /* YSSafeAryVC.h */,
				C44EC5E71FCBF2AC00839DF4 /* YSSafeAryVC.m */,
				C44EC5F91FCBF2E100839DF4 /* GesCell.h */,
				C44EC5FA1FCBF2E100839DF4 /* GesCell.m */,
			);
			path = "线程安全";
			sourceTree = "<group>";
		};
		C4A68D9A20D0E81300334B9B /* 语音 */ = {
			isa = PBXGroup;
			children = (
				C44EC5FC1FCBF86900839DF4 /* YSSpeechVC.h */,
				C44EC5FD1FCBF86900839DF4 /* YSSpeechVC.m */,
			);
			path = "语音";
			sourceTree = "<group>";
		};
		FBF3F13DCED28139ACCCF2F4 /* Pods */ = {
			isa = PBXGroup;
			children = (
				01CA8E74DA1E6CFD9C74CAA7 /* Pods-YSKit.debug.xcconfig */,
				DD80703350434711BFD36C9A /* Pods-YSKit.release.xcconfig */,
			);
			name = Pods;
			sourceTree = "<group>";
		};
/* End PBXGroup section */

/* Begin PBXNativeTarget section */
		C44EC5DF1FCBF2AC00839DF4 /* YSKit */ = {
			isa = PBXNativeTarget;
			buildConfigurationList = C44EC5F61FCBF2AC00839DF4 /* Build configuration list for PBXNativeTarget "YSKit" */;
			buildPhases = (
				367B57B9305EB265FCB0C9BE /* [CP] Check Pods Manifest.lock */,
				C44EC5DC1FCBF2AC00839DF4 /* Sources */,
				C44EC5DD1FCBF2AC00839DF4 /* Frameworks */,
				C44EC5DE1FCBF2AC00839DF4 /* Resources */,
				49D6AA0B4C3B9D0D6FAB51A0 /* [CP] Copy Pods Resources */,
			);
			buildRules = (
			);
			dependencies = (
			);
			name = YSKit;
			productName = YSKit;
			productReference = C44EC5E01FCBF2AC00839DF4 /* 大杂烩.app */;
			productType = "com.apple.product-type.application";
		};
/* End PBXNativeTarget section */

/* Begin PBXProject section */
		C44EC5D81FCBF2AB00839DF4 /* Project object */ = {
			isa = PBXProject;
			attributes = {
				LastUpgradeCheck = 0910;
				ORGANIZATIONNAME = YS;
				TargetAttributes = {
					C44EC5DF1FCBF2AC00839DF4 = {
						CreatedOnToolsVersion = 9.1;
						ProvisioningStyle = Manual;
					};
				};
			};
			buildConfigurationList = C44EC5DB1FCBF2AB00839DF4 /* Build configuration list for PBXProject "YSKit" */;
			compatibilityVersion = "Xcode 8.0";
			developmentRegion = en;
			hasScannedForEncodings = 0;
			knownRegions = (
				en,
				Base,
			);
			mainGroup = C44EC5D71FCBF2AB00839DF4;
			productRefGroup = C44EC5E11FCBF2AC00839DF4 /* Products */;
			projectDirPath = "";
			projectRoot = "";
			targets = (
				C44EC5DF1FCBF2AC00839DF4 /* YSKit */,
			);
		};
/* End PBXProject section */

/* Begin PBXResourcesBuildPhase section */
		C44EC5DE1FCBF2AC00839DF4 /* Resources */ = {
			isa = PBXResourcesBuildPhase;
			buildActionMask = 2147483647;
			files = (
				C44EC5F01FCBF2AC00839DF4 /* LaunchScreen.storyboard in Resources */,
				C44EC5ED1FCBF2AC00839DF4 /* Assets.xcassets in Resources */,
			);
			runOnlyForDeploymentPostprocessing = 0;
		};
/* End PBXResourcesBuildPhase section */

/* Begin PBXShellScriptBuildPhase section */
		367B57B9305EB265FCB0C9BE /* [CP] Check Pods Manifest.lock */ = {
			isa = PBXShellScriptBuildPhase;
			buildActionMask = 2147483647;
			files = (
			);
			inputPaths = (
				"${PODS_PODFILE_DIR_PATH}/Podfile.lock",
				"${PODS_ROOT}/Manifest.lock",
			);
			name = "[CP] Check Pods Manifest.lock";
			outputPaths = (
				"$(DERIVED_FILE_DIR)/Pods-YSKit-checkManifestLockResult.txt",
			);
			runOnlyForDeploymentPostprocessing = 0;
			shellPath = /bin/sh;
			shellScript = "diff \"${PODS_PODFILE_DIR_PATH}/Podfile.lock\" \"${PODS_ROOT}/Manifest.lock\" > /dev/null\nif [ $? != 0 ] ; then\n    # print error to STDERR\n    echo \"error: The sandbox is not in sync with the Podfile.lock. Run 'pod install' or update your CocoaPods installation.\" >&2\n    exit 1\nfi\n# This output is used by Xcode 'outputs' to avoid re-running this script phase.\necho \"SUCCESS\" > \"${SCRIPT_OUTPUT_FILE_0}\"\n";
			showEnvVarsInLog = 0;
		};
		49D6AA0B4C3B9D0D6FAB51A0 /* [CP] Copy Pods Resources */ = {
			isa = PBXShellScriptBuildPhase;
			buildActionMask = 2147483647;
			files = (
			);
			inputPaths = (
				"${SRCROOT}/Pods/Target Support Files/Pods-YSKit/Pods-YSKit-resources.sh",
				"${PODS_ROOT}/MJRefresh/MJRefresh/MJRefresh.bundle",
			);
			name = "[CP] Copy Pods Resources";
			outputPaths = (
				"${TARGET_BUILD_DIR}/${UNLOCALIZED_RESOURCES_FOLDER_PATH}/MJRefresh.bundle",
			);
			runOnlyForDeploymentPostprocessing = 0;
			shellPath = /bin/sh;
			shellScript = "\"${SRCROOT}/Pods/Target Support Files/Pods-YSKit/Pods-YSKit-resources.sh\"\n";
			showEnvVarsInLog = 0;
		};
/* End PBXShellScriptBuildPhase section */

/* Begin PBXSourcesBuildPhase section */
		C44EC5DC1FCBF2AC00839DF4 /* Sources */ = {
			isa = PBXSourcesBuildPhase;
			buildActionMask = 2147483647;
			files = (
				C49A70E720D0BE06004AA43C /* YSCenterDetailVC.m in Sources */,
				C463549B1FCD137600FD1602 /* YSTSArray.m in Sources */,
				C4A0D6E021E71F2100A21143 /* UITableView+Setting.m in Sources */,
				C44EC5E81FCBF2AC00839DF4 /* YSSafeAryVC.m in Sources */,
				043772AD21E4D7EB0030E838 /* YSActionSheetV.m in Sources */,
				C49A70E820D0BE06004AA43C /* YSLeftDetailVC.m in Sources */,
				C49A70E520D0BE06004AA43C /* YSControlVC.m in Sources */,
				C44EC5FE1FCBF86900839DF4 /* YSSpeechVC.m in Sources */,
				C49A70E420D0BE06004AA43C /* YSLeftVC.m in Sources */,
				C44EC5F31FCBF2AC00839DF4 /* main.m in Sources */,
				C4129CAF21E46DFF00DAFC48 /* YSTableV.m in Sources */,
				043772AC21E4D7EB0030E838 /* YSActionHeadV.m in Sources */,
				C4BB926221E4A9B6000BA387 /* YSUtils.m in Sources */,
				C49A70E120D0BE06004AA43C /* YSFoundationCase.m in Sources */,
				C4A0D6DD21E717FE00A21143 /* UILabel+Setting.m in Sources */,
				C4129CB221E46F8700DAFC48 /* YSTableM.m in Sources */,
				C49A70EB20D0BE0E004AA43C /* YSSettingMgr.m in Sources */,
				C49A70E620D0BE06004AA43C /* YSCenterVC.m in Sources */,
				C4BB925F21E4A958000BA387 /* YSToastV.m in Sources */,
				C49A70E320D0BE06004AA43C /* UIViewController+Setting.m in Sources */,
				C49A70E020D0BE06004AA43C /* YSKitCase.m in Sources */,
				C4129CB821E4746700DAFC48 /* YSCellM.m in Sources */,
				C49A70E220D0BE06004AA43C /* UIButton+Setting.m in Sources */,
				C4129CBB21E4755400DAFC48 /* YSTableL.m in Sources */,
				C44EC5E51FCBF2AC00839DF4 /* AppDelegate.m in Sources */,
				C44EC5FB1FCBF2E100839DF4 /* GesCell.m in Sources */,
			);
			runOnlyForDeploymentPostprocessing = 0;
		};
/* End PBXSourcesBuildPhase section */

/* Begin PBXVariantGroup section */
		C44EC5EE1FCBF2AC00839DF4 /* LaunchScreen.storyboard */ = {
			isa = PBXVariantGroup;
			children = (
				C44EC5EF1FCBF2AC00839DF4 /* Base */,
			);
			name = LaunchScreen.storyboard;
			sourceTree = "<group>";
		};
/* End PBXVariantGroup section */

/* Begin XCBuildConfiguration section */
		C44EC5F41FCBF2AC00839DF4 /* Debug */ = {
			isa = XCBuildConfiguration;
			buildSettings = {
				ALWAYS_SEARCH_USER_PATHS = NO;
				CLANG_ANALYZER_NONNULL = YES;
				CLANG_ANALYZER_NUMBER_OBJECT_CONVERSION = YES_AGGRESSIVE;
				CLANG_CXX_LANGUAGE_STANDARD = "gnu++14";
				CLANG_CXX_LIBRARY = "libc++";
				CLANG_ENABLE_MODULES = YES;
				CLANG_ENABLE_OBJC_ARC = YES;
				CLANG_WARN_BLOCK_CAPTURE_AUTORELEASING = YES;
				CLANG_WARN_BOOL_CONVERSION = YES;
				CLANG_WARN_COMMA = YES;
				CLANG_WARN_CONSTANT_CONVERSION = YES;
				CLANG_WARN_DIRECT_OBJC_ISA_USAGE = YES_ERROR;
				CLANG_WARN_DOCUMENTATION_COMMENTS = YES;
				CLANG_WARN_EMPTY_BODY = YES;
				CLANG_WARN_ENUM_CONVERSION = YES;
				CLANG_WARN_INFINITE_RECURSION = YES;
				CLANG_WARN_INT_CONVERSION = YES;
				CLANG_WARN_NON_LITERAL_NULL_CONVERSION = YES;
				CLANG_WARN_OBJC_LITERAL_CONVERSION = YES;
				CLANG_WARN_OBJC_ROOT_CLASS = YES_ERROR;
				CLANG_WARN_RANGE_LOOP_ANALYSIS = YES;
				CLANG_WARN_STRICT_PROTOTYPES = YES;
				CLANG_WARN_SUSPICIOUS_MOVE = YES;
				CLANG_WARN_UNGUARDED_AVAILABILITY = YES_AGGRESSIVE;
				CLANG_WARN_UNREACHABLE_CODE = YES;
				CLANG_WARN__DUPLICATE_METHOD_MATCH = YES;
				CODE_SIGN_IDENTITY = "iPhone Developer";
				COPY_PHASE_STRIP = NO;
				DEBUG_INFORMATION_FORMAT = dwarf;
				ENABLE_STRICT_OBJC_MSGSEND = YES;
				ENABLE_TESTABILITY = YES;
				GCC_C_LANGUAGE_STANDARD = gnu11;
				GCC_DYNAMIC_NO_PIC = NO;
				GCC_NO_COMMON_BLOCKS = YES;
				GCC_OPTIMIZATION_LEVEL = 0;
				GCC_PREPROCESSOR_DEFINITIONS = (
					"DEBUG=1",
					"$(inherited)",
				);
				GCC_WARN_64_TO_32_BIT_CONVERSION = YES;
				GCC_WARN_ABOUT_RETURN_TYPE = YES_ERROR;
				GCC_WARN_UNDECLARED_SELECTOR = YES;
				GCC_WARN_UNINITIALIZED_AUTOS = YES_AGGRESSIVE;
				GCC_WARN_UNUSED_FUNCTION = YES;
				GCC_WARN_UNUSED_VARIABLE = YES;
				IPHONEOS_DEPLOYMENT_TARGET = 11.1;
				MTL_ENABLE_DEBUG_INFO = YES;
				ONLY_ACTIVE_ARCH = YES;
				SDKROOT = iphoneos;
			};
			name = Debug;
		};
		C44EC5F51FCBF2AC00839DF4 /* Release */ = {
			isa = XCBuildConfiguration;
			buildSettings = {
				ALWAYS_SEARCH_USER_PATHS = NO;
				CLANG_ANALYZER_NONNULL = YES;
				CLANG_ANALYZER_NUMBER_OBJECT_CONVERSION = YES_AGGRESSIVE;
				CLANG_CXX_LANGUAGE_STANDARD = "gnu++14";
				CLANG_CXX_LIBRARY = "libc++";
				CLANG_ENABLE_MODULES = YES;
				CLANG_ENABLE_OBJC_ARC = YES;
				CLANG_WARN_BLOCK_CAPTURE_AUTORELEASING = YES;
				CLANG_WARN_BOOL_CONVERSION = YES;
				CLANG_WARN_COMMA = YES;
				CLANG_WARN_CONSTANT_CONVERSION = YES;
				CLANG_WARN_DIRECT_OBJC_ISA_USAGE = YES_ERROR;
				CLANG_WARN_DOCUMENTATION_COMMENTS = YES;
				CLANG_WARN_EMPTY_BODY = YES;
				CLANG_WARN_ENUM_CONVERSION = YES;
				CLANG_WARN_INFINITE_RECURSION = YES;
				CLANG_WARN_INT_CONVERSION = YES;
				CLANG_WARN_NON_LITERAL_NULL_CONVERSION = YES;
				CLANG_WARN_OBJC_LITERAL_CONVERSION = YES;
				CLANG_WARN_OBJC_ROOT_CLASS = YES_ERROR;
				CLANG_WARN_RANGE_LOOP_ANALYSIS = YES;
				CLANG_WARN_STRICT_PROTOTYPES = YES;
				CLANG_WARN_SUSPICIOUS_MOVE = YES;
				CLANG_WARN_UNGUARDED_AVAILABILITY = YES_AGGRESSIVE;
				CLANG_WARN_UNREACHABLE_CODE = YES;
				CLANG_WARN__DUPLICATE_METHOD_MATCH = YES;
				CODE_SIGN_IDENTITY = "iPhone Developer";
				COPY_PHASE_STRIP = NO;
				DEBUG_INFORMATION_FORMAT = "dwarf-with-dsym";
				ENABLE_NS_ASSERTIONS = NO;
				ENABLE_STRICT_OBJC_MSGSEND = YES;
				GCC_C_LANGUAGE_STANDARD = gnu11;
				GCC_NO_COMMON_BLOCKS = YES;
				GCC_WARN_64_TO_32_BIT_CONVERSION = YES;
				GCC_WARN_ABOUT_RETURN_TYPE = YES_ERROR;
				GCC_WARN_UNDECLARED_SELECTOR = YES;
				GCC_WARN_UNINITIALIZED_AUTOS = YES_AGGRESSIVE;
				GCC_WARN_UNUSED_FUNCTION = YES;
				GCC_WARN_UNUSED_VARIABLE = YES;
				IPHONEOS_DEPLOYMENT_TARGET = 11.1;
				MTL_ENABLE_DEBUG_INFO = NO;
				SDKROOT = iphoneos;
				VALIDATE_PRODUCT = YES;
			};
			name = Release;
		};
		C44EC5F71FCBF2AC00839DF4 /* Debug */ = {
			isa = XCBuildConfiguration;
			baseConfigurationReference = 01CA8E74DA1E6CFD9C74CAA7 /* Pods-YSKit.debug.xcconfig */;
			buildSettings = {
				ASSETCATALOG_COMPILER_APPICON_NAME = AppIcon;
				CODE_SIGN_STYLE = Manual;
				DEVELOPMENT_TEAM = "";
				INFOPLIST_FILE = YSKit/Info.plist;
				IPHONEOS_DEPLOYMENT_TARGET = 10.0;
				LD_RUNPATH_SEARCH_PATHS = "$(inherited) @executable_path/Frameworks";
				PRODUCT_BUNDLE_IDENTIFIER = bob.com.YSKit;
				PRODUCT_NAME = "大杂烩";
				PROVISIONING_PROFILE_SPECIFIER = "";
				TARGETED_DEVICE_FAMILY = 1;
			};
			name = Debug;
		};
		C44EC5F81FCBF2AC00839DF4 /* Release */ = {
			isa = XCBuildConfiguration;
			baseConfigurationReference = DD80703350434711BFD36C9A /* Pods-YSKit.release.xcconfig */;
			buildSettings = {
				ASSETCATALOG_COMPILER_APPICON_NAME = AppIcon;
				CODE_SIGN_STYLE = Manual;
				DEVELOPMENT_TEAM = "";
				INFOPLIST_FILE = YSKit/Info.plist;
				IPHONEOS_DEPLOYMENT_TARGET = 10.0;
				LD_RUNPATH_SEARCH_PATHS = "$(inherited) @executable_path/Frameworks";
				PRODUCT_BUNDLE_IDENTIFIER = bob.com.YSKit;
				PRODUCT_NAME = "大杂烩";
				PROVISIONING_PROFILE_SPECIFIER = "";
				TARGETED_DEVICE_FAMILY = 1;
			};
			name = Release;
		};
/* End XCBuildConfiguration section */

/* Begin XCConfigurationList section */
		C44EC5DB1FCBF2AB00839DF4 /* Build configuration list for PBXProject "YSKit" */ = {
			isa = XCConfigurationList;
			buildConfigurations = (
				C44EC5F41FCBF2AC00839DF4 /* Debug */,
				C44EC5F51FCBF2AC00839DF4 /* Release */,
			);
			defaultConfigurationIsVisible = 0;
			defaultConfigurationName = Release;
		};
		C44EC5F61FCBF2AC00839DF4 /* Build configuration list for PBXNativeTarget "YSKit" */ = {
			isa = XCConfigurationList;
			buildConfigurations = (
				C44EC5F71FCBF2AC00839DF4 /* Debug */,
				C44EC5F81FCBF2AC00839DF4 /* Release */,
			);
			defaultConfigurationIsVisible = 0;
			defaultConfigurationName = Release;
		};
/* End XCConfigurationList section */
	};
	rootObject = C44EC5D81FCBF2AB00839DF4 /* Project object */;
}
